// !$*UTF8*$!
{
	archiveVersion = 1;
	classes = {
	};
	objectVersion = 50;
	objects = {

/* Begin PBXBuildFile section */
		A7B2FC3C2733D3E30007F3AF /* AppDelegate.swift in Sources */ = {isa = PBXBuildFile; fileRef = A7B2FC3B2733D3E30007F3AF /* AppDelegate.swift */; };
		A7B2FC3E2733D3E30007F3AF /* SceneDelegate.swift in Sources */ = {isa = PBXBuildFile; fileRef = A7B2FC3D2733D3E30007F3AF /* SceneDelegate.swift */; };
		A7B2FC402733D3E30007F3AF /* ViewController.swift in Sources */ = {isa = PBXBuildFile; fileRef = A7B2FC3F2733D3E30007F3AF /* ViewController.swift */; };
		A7B2FC432733D3E30007F3AF /* Main.storyboard in Resources */ = {isa = PBXBuildFile; fileRef = A7B2FC412733D3E30007F3AF /* Main.storyboard */; };
		A7B2FC452733D3E50007F3AF /* Assets.xcassets in Resources */ = {isa = PBXBuildFile; fileRef = A7B2FC442733D3E50007F3AF /* Assets.xcassets */; };
		A7B2FC482733D3E50007F3AF /* LaunchScreen.storyboard in Resources */ = {isa = PBXBuildFile; fileRef = A7B2FC462733D3E50007F3AF /* LaunchScreen.storyboard */; };
/* End PBXBuildFile section */

/* Begin PBXFileReference section */
		A7B2FC382733D3E30007F3AF /* HomeWorkUIKit.app */ = {isa = PBXFileReference; explicitFileType = wrapper.application; includeInIndex = 0; path = HomeWorkUIKit.app; sourceTree = BUILT_PRODUCTS_DIR; };
		A7B2FC3B2733D3E30007F3AF /* AppDelegate.swift */ = {isa = PBXFileReference; lastKnownFileType = sourcecode.swift; path = AppDelegate.swift; sourceTree = "<group>"; };
		A7B2FC3D2733D3E30007F3AF /* SceneDelegate.swift */ = {isa = PBXFileReference; lastKnownFileType = sourcecode.swift; path = SceneDelegate.swift; sourceTree = "<group>"; };
		A7B2FC3F2733D3E30007F3AF /* ViewController.swift */ = {isa = PBXFileReference; lastKnownFileType = sourcecode.swift; path = ViewController.swift; sourceTree = "<group>"; };
		A7B2FC422733D3E30007F3AF /* Base */ = {isa = PBXFileReference; lastKnownFileType = file.storyboard; name = Base; path = Base.lproj/Main.storyboard; sourceTree = "<group>"; };
		A7B2FC442733D3E50007F3AF /* Assets.xcassets */ = {isa = PBXFileReference; lastKnownFileType = folder.assetcatalog; path = Assets.xcassets; sourceTree = "<group>"; };
		A7B2FC472733D3E50007F3AF /* Base */ = {isa = PBXFileReference; lastKnownFileType = file.storyboard; name = Base; path = Base.lproj/LaunchScreen.storyboard; sourceTree = "<group>"; };
		A7B2FC492733D3E50007F3AF /* Info.plist */ = {isa = PBXFileReference; lastKnownFileType = text.plist.xml; path = Info.plist; sourceTree = "<group>"; };
/* End PBXFileReference section */

/* Begin PBXFrameworksBuildPhase section */
		A7B2FC352733D3E30007F3AF /* Frameworks */ = {
			isa = PBXFrameworksBuildPhase;
			buildActionMask = 2147483647;
			files = (
			);
			runOnlyForDeploymentPostprocessing = 0;
		};
/* End PBXFrameworksBuildPhase section */

/* Begin PBXGroup section */
		A7B2FC2F2733D3E30007F3AF = {
			isa = PBXGroup;
			children = (
				A7B2FC3A2733D3E30007F3AF /* HomeWorkUIKit */,
				A7B2FC392733D3E30007F3AF /* Products */,
			);
			sourceTree = "<group>";
		};
		A7B2FC392733D3E30007F3AF /* Products */ = {
			isa = PBXGroup;
			children = (
				A7B2FC382733D3E30007F3AF /* HomeWorkUIKit.app */,
			);
			name = Products;
			sourceTree = "<group>";
		};
		A7B2FC3A2733D3E30007F3AF /* HomeWorkUIKit */ = {
			isa = PBXGroup;
			children = (
				A7B2FC3B2733D3E30007F3AF /* AppDelegate.swift */,
				A7B2FC3D2733D3E30007F3AF /* SceneDelegate.swift */,
				A7B2FC3F2733D3E30007F3AF /* ViewController.swift */,
				A7B2FC412733D3E30007F3AF /* Main.storyboard */,
				A7B2FC442733D3E50007F3AF /* Assets.xcassets */,
				A7B2FC462733D3E50007F3AF /* LaunchScreen.storyboard */,
				A7B2FC492733D3E50007F3AF /* Info.plist */,
			);
			path = HomeWorkUIKit;
			sourceTree = "<group>";
		};
/* End PBXGroup section */

/* Begin PBXNativeTarget section */
		A7B2FC372733D3E30007F3AF /* HomeWorkUIKit */ = {
			isa = PBXNativeTarget;
			buildConfigurationList = A7B2FC4C2733D3E50007F3AF /* Build configuration list for PBXNativeTarget "HomeWorkUIKit" */;
			buildPhases = (
				A7B2FC342733D3E30007F3AF /* Sources */,
				A7B2FC352733D3E30007F3AF /* Frameworks */,
				A7B2FC362733D3E30007F3AF /* Resources */,
			);
			buildRules = (
			);
			dependencies = (
			);
			name = HomeWorkUIKit;
			productName = HomeWorkUIKit;
			productReference = A7B2FC382733D3E30007F3AF /* HomeWorkUIKit.app */;
			productType = "com.apple.product-type.application";
		};
/* End PBXNativeTarget section */

/* Begin PBXProject section */
		A7B2FC302733D3E30007F3AF /* Project object */ = {
			isa = PBXProject;
			attributes = {
				LastSwiftUpdateCheck = 1240;
				LastUpgradeCheck = 1240;
				TargetAttributes = {
					A7B2FC372733D3E30007F3AF = {
						CreatedOnToolsVersion = 12.4;
					};
				};
			};
			buildConfigurationList = A7B2FC332733D3E30007F3AF /* Build configuration list for PBXProject "HomeWorkUIKit" */;
			compatibilityVersion = "Xcode 9.3";
			developmentRegion = en;
			hasScannedForEncodings = 0;
			knownRegions = (
				en,
				Base,
			);
			mainGroup = A7B2FC2F2733D3E30007F3AF;
			productRefGroup = A7B2FC392733D3E30007F3AF /* Products */;
			projectDirPath = "";
			projectRoot = "";
			targets = (
				A7B2FC372733D3E30007F3AF /* HomeWorkUIKit */,
			);
		};
/* End PBXProject section */

/* Begin PBXResourcesBuildPhase section */
		A7B2FC362733D3E30007F3AF /* Resources */ = {
			isa = PBXResourcesBuildPhase;
			buildActionMask = 2147483647;
			files = (
				A7B2FC482733D3E50007F3AF /* LaunchScreen.storyboard in Resources */,
				A7B2FC452733D3E50007F3AF /* Assets.xcassets in Resources */,
				A7B2FC432733D3E30007F3AF /* Main.storyboard in Resources */,
			);
			runOnlyForDeploymentPostprocessing = 0;
		};
/* End PBXResourcesBuildPhase section */

/* Begin PBXSourcesBuildPhase section */
		A7B2FC342733D3E30007F3AF /* Sources */ = {
			isa = PBXSourcesBuildPhase;
			buildActionMask = 2147483647;
			files = (
				A7B2FC402733D3E30007F3AF /* ViewController.swift in Sources */,
				A7B2FC3C2733D3E30007F3AF /* AppDelegate.swift in Sources */,
				A7B2FC3E2733D3E30007F3AF /* SceneDelegate.swift in Sources */,
			);
			runOnlyForDeploymentPostprocessing = 0;
		};
/* End PBXSourcesBuildPhase section */

/* Begin PBXVariantGroup section */
		A7B2FC412733D3E30007F3AF /* Main.storyboard */ = {
			isa = PBXVariantGroup;
			children = (
				A7B2FC422733D3E30007F3AF /* Base */,
			);
			name = Main.storyboard;
			sourceTree = "<group>";
		};
		A7B2FC462733D3E50007F3AF /* LaunchScreen.storyboard */ = {
			isa = PBXVariantGroup;
			children = (
				A7B2FC472733D3E50007F3AF /* Base */,
			);
			name = LaunchScreen.storyboard;
			sourceTree = "<group>";
		};
/* End PBXVariantGroup section */

/* Begin XCBuildConfiguration section */
		A7B2FC4A2733D3E50007F3AF /* Debug */ = {
			isa = XCBuildConfiguration;
			buildSettings = {
				ALWAYS_SEARCH_USER_PATHS = NO;
				CLANG_ANALYZER_NONNULL = YES;
				CLANG_ANALYZER_NUMBER_OBJECT_CONVERSION = YES_AGGRESSIVE;
				CLANG_CXX_LANGUAGE_STANDARD = "gnu++14";
				CLANG_CXX_LIBRARY = "libc++";
				CLANG_ENABLE_MODULES = YES;
				CLANG_ENABLE_OBJC_ARC = YES;
				CLANG_ENABLE_OBJC_WEAK = YES;
				CLANG_WARN_BLOCK_CAPTURE_AUTORELEASING = YES;
				CLANG_WARN_BOOL_CONVERSION = YES;
				CLANG_WARN_COMMA = YES;
				CLANG_WARN_CONSTANT_CONVERSION = YES;
				CLANG_WARN_DEPRECATED_OBJC_IMPLEMENTATIONS = YES;
				CLANG_WARN_DIRECT_OBJC_ISA_USAGE = YES_ERROR;
				CLANG_WARN_DOCUMENTATION_COMMENTS = YES;
				CLANG_WARN_EMPTY_BODY = YES;
				CLANG_WARN_ENUM_CONVERSION = YES;
				CLANG_WARN_INFINITE_RECURSION = YES;
				CLANG_WARN_INT_CONVERSION = YES;
				CLANG_WARN_NON_LITERAL_NULL_CONVERSION = YES;
				CLANG_WARN_OBJC_IMPLICIT_RETAIN_SELF = YES;
				CLANG_WARN_OBJC_LITERAL_CONVERSION = YES;
				CLANG_WARN_OBJC_ROOT_CLASS = YES_ERROR;
				CLANG_WARN_QUOTED_INCLUDE_IN_FRAMEWORK_HEADER = YES;
				CLANG_WARN_RANGE_LOOP_ANALYSIS = YES;
				CLANG_WARN_STRICT_PROTOTYPES = YES;
				CLANG_WARN_SUSPICIOUS_MOVE = YES;
				CLANG_WARN_UNGUARDED_AVAILABILITY = YES_AGGRESSIVE;
				CLANG_WARN_UNREACHABLE_CODE = YES;
				CLANG_WARN__DUPLICATE_METHOD_MATCH = YES;
				COPY_PHASE_STRIP = NO;
				DEBUG_INFORMATION_FORMAT = dwarf;
				ENABLE_STRICT_OBJC_MSGSEND = YES;
				ENABLE_TESTABILITY = YES;
				GCC_C_LANGUAGE_STANDARD = gnu11;
				GCC_DYNAMIC_NO_PIC = NO;
				GCC_NO_COMMON_BLOCKS = YES;
				GCC_OPTIMIZATION_LEVEL = 0;
				GCC_PREPROCESSOR_DEFINITIONS = (
					"DEBUG=1",
					"$(inherited)",
				);
				GCC_WARN_64_TO_32_BIT_CONVERSION = YES;
				GCC_WARN_ABOUT_RETURN_TYPE = YES_ERROR;
				GCC_WARN_UNDECLARED_SELECTOR = YES;
				GCC_WARN_UNINITIALIZED_AUTOS = YES_AGGRESSIVE;
				GCC_WARN_UNUSED_FUNCTION = YES;
				GCC_WARN_UNUSED_VARIABLE = YES;
				IPHONEOS_DEPLOYMENT_TARGET = 14.4;
				MTL_ENABLE_DEBUG_INFO = INCLUDE_SOURCE;
				MTL_FAST_MATH = YES;
				ONLY_ACTIVE_ARCH = YES;
				SDKROOT = iphoneos;
				SWIFT_ACTIVE_COMPILATION_CONDITIONS = DEBUG;
				SWIFT_OPTIMIZATION_LEVEL = "-Onone";
			};
			name = Debug;
		};
		A7B2FC4B2733D3E50007F3AF /* Release */ = {
			isa = XCBuildConfiguration;
			buildSettings = {
				ALWAYS_SEARCH_USER_PATHS = NO;
				CLANG_ANALYZER_NONNULL = YES;
				CLANG_ANALYZER_NUMBER_OBJECT_CONVERSION = YES_AGGRESSIVE;
				CLANG_CXX_LANGUAGE_STANDARD = "gnu++14";
				CLANG_CXX_LIBRARY = "libc++";
				CLANG_ENABLE_MODULES = YES;
				CLANG_ENABLE_OBJC_ARC = YES;
				CLANG_ENABLE_OBJC_WEAK = YES;
				CLANG_WARN_BLOCK_CAPTURE_AUTORELEASING = YES;
				CLANG_WARN_BOOL_CONVERSION = YES;
				CLANG_WARN_COMMA = YES;
				CLANG_WARN_CONSTANT_CONVERSION = YES;
				CLANG_WARN_DEPRECATED_OBJC_IMPLEMENTATIONS = YES;
				CLANG_WARN_DIRECT_OBJC_ISA_USAGE = YES_ERROR;
				CLANG_WARN_DOCUMENTATION_COMMENTS = YES;
				CLANG_WARN_EMPTY_BODY = YES;
				CLANG_WARN_ENUM_CONVERSION = YES;
				CLANG_WARN_INFINITE_RECURSION = YES;
				CLANG_WARN_INT_CONVERSION = YES;
				CLANG_WARN_NON_LITERAL_NULL_CONVERSION = YES;
				CLANG_WARN_OBJC_IMPLICIT_RETAIN_SELF = YES;
				CLANG_WARN_OBJC_LITERAL_CONVERSION = YES;
				CLANG_WARN_OBJC_ROOT_CLASS = YES_ERROR;
				CLANG_WARN_QUOTED_INCLUDE_IN_FRAMEWORK_HEADER = YES;
				CLANG_WARN_RANGE_LOOP_ANALYSIS = YES;
				CLANG_WARN_STRICT_PROTOTYPES = YES;
				CLANG_WARN_SUSPICIOUS_MOVE = YES;
				CLANG_WARN_UNGUARDED_AVAILABILITY = YES_AGGRESSIVE;
				CLANG_WARN_UNREACHABLE_CODE = YES;
				CLANG_WARN__DUPLICATE_METHOD_MATCH = YES;
				COPY_PHASE_STRIP = NO;
				DEBUG_INFORMATION_FORMAT = "dwarf-with-dsym";
				ENABLE_NS_ASSERTIONS = NO;
				ENABLE_STRICT_OBJC_MSGSEND = YES;
				GCC_C_LANGUAGE_STANDARD = gnu11;
				GCC_NO_COMMON_BLOCKS = YES;
				GCC_WARN_64_TO_32_BIT_CONVERSION = YES;
				GCC_WARN_ABOUT_RETURN_TYPE = YES_ERROR;
				GCC_WARN_UNDECLARED_SELECTOR = YES;
				GCC_WARN_UNINITIALIZED_AUTOS = YES_AGGRESSIVE;
				GCC_WARN_UNUSED_FUNCTION = YES;
				GCC_WARN_UNUSED_VARIABLE = YES;
				IPHONEOS_DEPLOYMENT_TARGET = 14.4;
				MTL_ENABLE_DEBUG_INFO = NO;
				MTL_FAST_MATH = YES;
				SDKROOT = iphoneos;
				SWIFT_COMPILATION_MODE = wholemodule;
				SWIFT_OPTIMIZATION_LEVEL = "-O";
				VALIDATE_PRODUCT = YES;
			};
			name = Release;
		};
		A7B2FC4D2733D3E50007F3AF /* Debug */ = {
			isa = XCBuildConfiguration;
			buildSettings = {
				ASSETCATALOG_COMPILER_APPICON_NAME = AppIcon;
				ASSETCATALOG_COMPILER_GLOBAL_ACCENT_COLOR_NAME = AccentColor;
				CODE_SIGN_STYLE = Automatic;
				DEVELOPMENT_TEAM = 2WYKT3LRAZ;
				INFOPLIST_FILE = HomeWorkUIKit/Info.plist;
				LD_RUNPATH_SEARCH_PATHS = (
					"$(inherited)",
					"@executable_path/Frameworks",
				);
				PRODUCT_BUNDLE_IDENTIFIER = weSplit.com.HomeWorkUIKit;
				PRODUCT_NAME = "$(TARGET_NAME)";
				SWIFT_VERSION = 5.0;
				TARGETED_DEVICE_FAMILY = "1,2";
			};
			name = Debug;
		};
		A7B2FC4E2733D3E50007F3AF /* Release */ = {
			isa = XCBuildConfiguration;
			buildSettings = {
				ASSETCATALOG_COMPILER_APPICON_NAME = AppIcon;
				ASSETCATALOG_COMPILER_GLOBAL_ACCENT_COLOR_NAME = AccentColor;
				CODE_SIGN_STYLE = Automatic;
				DEVELOPMENT_TEAM = 2WYKT3LRAZ;
				INFOPLIST_FILE = HomeWorkUIKit/Info.plist;
				LD_RUNPATH_SEARCH_PATHS = (
					"$(inherited)",
					"@executable_path/Frameworks",
				);
				PRODUCT_BUNDLE_IDENTIFIER = weSplit.com.HomeWorkUIKit;
				PRODUCT_NAME = "$(TARGET_NAME)";
				SWIFT_VERSION = 5.0;
				TARGETED_DEVICE_FAMILY = "1,2";
			};
			name = Release;
		};
/* End XCBuildConfiguration section */

/* Begin XCConfigurationList section */
		A7B2FC332733D3E30007F3AF /* Build configuration list for PBXProject "HomeWorkUIKit" */ = {
			isa = XCConfigurationList;
			buildConfigurations = (
				A7B2FC4A2733D3E50007F3AF /* Debug */,
				A7B2FC4B2733D3E50007F3AF /* Release */,
			);
			defaultConfigurationIsVisible = 0;
			defaultConfigurationName = Release;
		};
		A7B2FC4C2733D3E50007F3AF /* Build configuration list for PBXNativeTarget "HomeWorkUIKit" */ = {
			isa = XCConfigurationList;
			buildConfigurations = (
				A7B2FC4D2733D3E50007F3AF /* Debug */,
				A7B2FC4E2733D3E50007F3AF /* Release */,
			);
			defaultConfigurationIsVisible = 0;
			defaultConfigurationName = Release;
		};
/* End XCConfigurationList section */
	};
	rootObject = A7B2FC302733D3E30007F3AF /* Project object */;
}
